
Microsoft Visual Studio Solution File, Format Version 12.00
# Visual Studio Version 17
VisualStudioVersion = 17.5.002.0
MinimumVisualStudioVersion = 10.0.40219.1
Project("{9A19103F-16F7-4668-BE54-9A1E7A4F7556}") = "hw1", "hw1\hw1.csproj", "{FEFB80CB-4395-4218-AD4D-317F4E6148EB}"
EndProject
Project("{9A19103F-16F7-4668-BE54-9A1E7A4F7556}") = "hw2", "hw2\hw2.csproj", "{B078F0CA-83A8-4392-8304-473190BB36F1}"
EndProject
Project("{9A19103F-16F7-4668-BE54-9A1E7A4F7556}") = "hw3", "hw3\hw3.csproj", "{C29B28D4-6610-40E7-873E-1B1A6FF6DC2A}"
EndProject
Global
	GlobalSection(SolutionConfigurationPlatforms) = preSolution
		Debug|Any CPU = Debug|Any CPU
		Release|Any CPU = Release|Any CPU
	EndGlobalSection
	GlobalSection(ProjectConfigurationPlatforms) = postSolution
		{FEFB80CB-4395-4218-AD4D-317F4E6148EB}.Debug|Any CPU.ActiveCfg = Debug|Any CPU
		{FEFB80CB-4395-4218-AD4D-317F4E6148EB}.Debug|Any CPU.Build.0 = Debug|Any CPU
		{FEFB80CB-4395-4218-AD4D-317F4E6148EB}.Release|Any CPU.ActiveCfg = Release|Any CPU
		{FEFB80CB-4395-4218-AD4D-317F4E6148EB}.Release|Any CPU.Build.0 = Release|Any CPU
		{B078F0CA-83A8-4392-8304-473190BB36F1}.Debug|Any CPU.ActiveCfg = Debug|Any CPU
		{B078F0CA-83A8-4392-8304-473190BB36F1}.Debug|Any CPU.Build.0 = Debug|Any CPU
		{B078F0CA-83A8-4392-8304-473190BB36F1}.Release|Any CPU.ActiveCfg = Release|Any CPU
		{B078F0CA-83A8-4392-8304-473190BB36F1}.Release|Any CPU.Build.0 = Release|Any CPU
		{C29B28D4-6610-40E7-873E-1B1A6FF6DC2A}.Debug|Any CPU.ActiveCfg = Debug|Any CPU
		{C29B28D4-6610-40E7-873E-1B1A6FF6DC2A}.Debug|Any CPU.Build.0 = Debug|Any CPU
		{C29B28D4-6610-40E7-873E-1B1A6FF6DC2A}.Release|Any CPU.ActiveCfg = Release|Any CPU
		{C29B28D4-6610-40E7-873E-1B1A6FF6DC2A}.Release|Any CPU.Build.0 = Release|Any CPU
	EndGlobalSection
	GlobalSection(SolutionProperties) = preSolution
		HideSolutionNode = FALSE
	EndGlobalSection
	GlobalSection(ExtensibilityGlobals) = postSolution
		SolutionGuid = {5EF03F91-EF9D-47D6-8DD7-DC7E5A34EAA8}
	EndGlobalSection
EndGlobal
